
Microsoft Visual Studio Solution File, Format Version 12.00
# Visual Studio 15
VisualStudioVersion = 15.0.27004.2005
MinimumVisualStudioVersion = 10.0.40219.1
Project("{FAE04EC0-301F-11D3-BF4B-00C04F79EFBC}") = "WebApplication5", "WebApplication5\WebApplication5.csproj", "{63B3A22C-F7FA-4046-BF0E-F8439FE23995}"
EndProject
Global
	GlobalSection(SolutionConfigurationPlatforms) = preSolution
		Debug|Any CPU = Debug|Any CPU
		Release|Any CPU = Release|Any CPU
	EndGlobalSection
	GlobalSection(ProjectConfigurationPlatforms) = postSolution
		{63B3A22C-F7FA-4046-BF0E-F8439FE23995}.Debug|Any CPU.ActiveCfg = Debug|Any CPU
		{63B3A22C-F7FA-4046-BF0E-F8439FE23995}.Debug|Any CPU.Build.0 = Debug|Any CPU
		{63B3A22C-F7FA-4046-BF0E-F8439FE23995}.Release|Any CPU.ActiveCfg = Release|Any CPU
		{63B3A22C-F7FA-4046-BF0E-F8439FE23995}.Release|Any CPU.Build.0 = Release|Any CPU
	EndGlobalSection
	GlobalSection(SolutionProperties) = preSolution
		HideSolutionNode = FALSE
	EndGlobalSection
	GlobalSection(ExtensibilityGlobals) = postSolution
		SolutionGuid = {DCC361AA-80F7-4F85-9B2E-F23D6FA158A9}
	EndGlobalSection
EndGlobal
